
Microsoft Visual Studio Solution File, Format Version 12.00
# Visual Studio 15
VisualStudioVersion = 15.0.27130.2036
MinimumVisualStudioVersion = 10.0.40219.1
Project("{2150E333-8FDC-42A3-9474-1A3956D46DE8}") = "src", "src", "{F689EB30-D5CF-4FBF-A07D-33F0705EA732}"
EndProject
Project("{2150E333-8FDC-42A3-9474-1A3956D46DE8}") = "test", "test", "{6FBE7776-12B4-4F5F-A387-69DFB59D06BE}"
EndProject
Project("{2150E333-8FDC-42A3-9474-1A3956D46DE8}") = ".global", ".global", "{AFF2D6B9-977F-4F0A-9BCA-17F34F84F6A2}"
	ProjectSection(SolutionItems) = preProject
		appveyor.yml = appveyor.yml
		Build.ps1 = Build.ps1
		ReadMe.md = ReadMe.md
	EndProjectSection
EndProject
Project("{FAE04EC0-301F-11D3-BF4B-00C04F79EFBC}") = "Sino.Extensions.Dapper", "src\Sino.Extensions.Dapper\Sino.Extensions.Dapper.csproj", "{0882168B-BF80-445E-8D87-744AE2832E44}"
EndProject
Project("{FAE04EC0-301F-11D3-BF4B-00C04F79EFBC}") = "TestApp", "test\TestApp\TestApp.csproj", "{2BE89907-E5A7-443C-82F3-0542AC1ECC0D}"
EndProject
Global
	GlobalSection(SolutionConfigurationPlatforms) = preSolution
		Debug|Any CPU = Debug|Any CPU
		Release|Any CPU = Release|Any CPU
	EndGlobalSection
	GlobalSection(ProjectConfigurationPlatforms) = postSolution
		{0882168B-BF80-445E-8D87-744AE2832E44}.Debug|Any CPU.ActiveCfg = Debug|Any CPU
		{0882168B-BF80-445E-8D87-744AE2832E44}.Debug|Any CPU.Build.0 = Debug|Any CPU
		{0882168B-BF80-445E-8D87-744AE2832E44}.Release|Any CPU.ActiveCfg = Release|Any CPU
		{0882168B-BF80-445E-8D87-744AE2832E44}.Release|Any CPU.Build.0 = Release|Any CPU
		{2BE89907-E5A7-443C-82F3-0542AC1ECC0D}.Debug|Any CPU.ActiveCfg = Debug|Any CPU
		{2BE89907-E5A7-443C-82F3-0542AC1ECC0D}.Debug|Any CPU.Build.0 = Debug|Any CPU
		{2BE89907-E5A7-443C-82F3-0542AC1ECC0D}.Release|Any CPU.ActiveCfg = Release|Any CPU
		{2BE89907-E5A7-443C-82F3-0542AC1ECC0D}.Release|Any CPU.Build.0 = Release|Any CPU
	EndGlobalSection
	GlobalSection(SolutionProperties) = preSolution
		HideSolutionNode = FALSE
	EndGlobalSection
	GlobalSection(NestedProjects) = preSolution
		{0882168B-BF80-445E-8D87-744AE2832E44} = {F689EB30-D5CF-4FBF-A07D-33F0705EA732}
		{2BE89907-E5A7-443C-82F3-0542AC1ECC0D} = {6FBE7776-12B4-4F5F-A387-69DFB59D06BE}
	EndGlobalSection
	GlobalSection(ExtensibilityGlobals) = postSolution
		SolutionGuid = {B7B62A92-AA87-4382-8B3F-8F1FCE8181A1}
	EndGlobalSection
EndGlobal
